
Microsoft Visual Studio Solution File, Format Version 12.00
# Visual Studio 15
VisualStudioVersion = 15.0.26730.16
MinimumVisualStudioVersion = 10.0.40219.1
Project("{FAE04EC0-301F-11D3-BF4B-00C04F79EFBC}") = "Proeve", "Proeve\Proeve.csproj", "{26F7BDCC-C02D-4C0F-A7F7-2CFBD9F8BF4B}"
EndProject
Global
	GlobalSection(SolutionConfigurationPlatforms) = preSolution
		Debug|Any CPU = Debug|Any CPU
		Release|Any CPU = Release|Any CPU
	EndGlobalSection
	GlobalSection(ProjectConfigurationPlatforms) = postSolution
		{26F7BDCC-C02D-4C0F-A7F7-2CFBD9F8BF4B}.Debug|Any CPU.ActiveCfg = Debug|Any CPU
		{26F7BDCC-C02D-4C0F-A7F7-2CFBD9F8BF4B}.Debug|Any CPU.Build.0 = Debug|Any CPU
		{26F7BDCC-C02D-4C0F-A7F7-2CFBD9F8BF4B}.Release|Any CPU.ActiveCfg = Release|Any CPU
		{26F7BDCC-C02D-4C0F-A7F7-2CFBD9F8BF4B}.Release|Any CPU.Build.0 = Release|Any CPU
	EndGlobalSection
	GlobalSection(SolutionProperties) = preSolution
		HideSolutionNode = FALSE
	EndGlobalSection
	GlobalSection(ExtensibilityGlobals) = postSolution
		SolutionGuid = {F2C91D55-36D6-45EE-BBEB-F8621B6DFD6B}
	EndGlobalSection
EndGlobal
